// !$*UTF8*$!
{
	archiveVersion = 1;
	classes = {
	};
	objectVersion = 50;
	objects = {

/* Begin PBXBuildFile section */
		20CAA7DA21F34D0700605154 /* Sprites.xcassets in Resources */ = {isa = PBXBuildFile; fileRef = 20CAA7D921F34D0700605154 /* Sprites.xcassets */; };
		20CAA7DB21F34D0700605154 /* Sprites.xcassets in Resources */ = {isa = PBXBuildFile; fileRef = 20CAA7D921F34D0700605154 /* Sprites.xcassets */; };
		20CAA7E121F34D1300605154 /* LaunchScreen.storyboard in Resources */ = {isa = PBXBuildFile; fileRef = 20CAA7DD21F34D1300605154 /* LaunchScreen.storyboard */; };
		20CAA7E221F34D1300605154 /* Assets.xcassets in Resources */ = {isa = PBXBuildFile; fileRef = 20CAA7DE21F34D1300605154 /* Assets.xcassets */; };
		20CAA7E421F34D1300605154 /* Application.swift in Sources */ = {isa = PBXBuildFile; fileRef = 20CAA7E021F34D1300605154 /* Application.swift */; };
		20CAA7F321F34D1B00605154 /* View.swift in Sources */ = {isa = PBXBuildFile; fileRef = 20CAA7E721F34D1B00605154 /* View.swift */; };
		20CAA7F421F34D1B00605154 /* UInt32.swift in Sources */ = {isa = PBXBuildFile; fileRef = 20CAA7E821F34D1B00605154 /* UInt32.swift */; };
		20CAA7F521F34D1B00605154 /* Mac.storyboard in Resources */ = {isa = PBXBuildFile; fileRef = 20CAA7E921F34D1B00605154 /* Mac.storyboard */; };
		20CAA7F621F34D1B00605154 /* Assets.xcassets in Resources */ = {isa = PBXBuildFile; fileRef = 20CAA7EA21F34D1B00605154 /* Assets.xcassets */; };
		20CAA7F821F34D1B00605154 /* Application.swift in Sources */ = {isa = PBXBuildFile; fileRef = 20CAA7EC21F34D1B00605154 /* Application.swift */; };
		20CAA7FC21F34D1B00605154 /* SceneView.swift in Sources */ = {isa = PBXBuildFile; fileRef = 20CAA7F121F34D1B00605154 /* SceneView.swift */; };
		20CAA80121F34D5500605154 /* Tests.swift in Sources */ = {isa = PBXBuildFile; fileRef = 20CAA7FF21F34D5500605154 /* Tests.swift */; };
		20CAA80421F34D6000605154 /* Twinky.swift in Sources */ = {isa = PBXBuildFile; fileRef = 20CAA80321F34D6000605154 /* Twinky.swift */; };
		20CAA80621F34D6000605154 /* Twinky.swift in Sources */ = {isa = PBXBuildFile; fileRef = 20CAA80321F34D6000605154 /* Twinky.swift */; };
		20CAA80921F34F4800605154 /* libiOS.a in Frameworks */ = {isa = PBXBuildFile; fileRef = 20CAA80721F34F3100605154 /* libiOS.a */; };
		20E7F9E421F35038004765BD /* libMac.a in Frameworks */ = {isa = PBXBuildFile; fileRef = 20E7F9E321F35027004765BD /* libMac.a */; };
		20E7F9E521F35046004765BD /* libMac.a in Frameworks */ = {isa = PBXBuildFile; fileRef = 20E7F9E321F35027004765BD /* libMac.a */; };
/* End PBXBuildFile section */

/* Begin PBXContainerItemProxy section */
		20165D5121EDCC8A004B09D6 /* PBXContainerItemProxy */ = {
			isa = PBXContainerItemProxy;
			containerPortal = 20165D2821EDCB60004B09D6 /* Project object */;
			proxyType = 1;
			remoteGlobalIDString = 20165D2F21EDCB60004B09D6;
			remoteInfo = Mac;
		};
		20E7F9E621F35059004765BD /* PBXContainerItemProxy */ = {
			isa = PBXContainerItemProxy;
			containerPortal = 20165D2821EDCB60004B09D6 /* Project object */;
			proxyType = 1;
			remoteGlobalIDString = 20165D2F21EDCB60004B09D6;
			remoteInfo = Mac;
		};
		20E7F9E821F35060004765BD /* PBXContainerItemProxy */ = {
			isa = PBXContainerItemProxy;
			containerPortal = 20165D2821EDCB60004B09D6 /* Project object */;
			proxyType = 1;
			remoteGlobalIDString = 20165D3F21EDCC73004B09D6;
			remoteInfo = iOS;
		};
/* End PBXContainerItemProxy section */

/* Begin PBXCopyFilesBuildPhase section */
		20165D3E21EDCC73004B09D6 /* CopyFiles */ = {
			isa = PBXCopyFilesBuildPhase;
			buildActionMask = 2147483647;
			dstPath = "include/$(PRODUCT_NAME)";
			dstSubfolderSpec = 16;
			files = (
			);
			runOnlyForDeploymentPostprocessing = 0;
		};
/* End PBXCopyFilesBuildPhase section */

/* Begin PBXFileReference section */
		20CAA7C021F34BDC00605154 /* Design */ = {isa = PBXFileReference; lastKnownFileType = folder; path = Design; sourceTree = "<group>"; };
		20CAA7C121F34BE500605154 /* .gitignore */ = {isa = PBXFileReference; lastKnownFileType = text; path = .gitignore; sourceTree = "<group>"; };
		20CAA7D921F34D0700605154 /* Sprites.xcassets */ = {isa = PBXFileReference; lastKnownFileType = folder.assetcatalog; path = Sprites.xcassets; sourceTree = "<group>"; };
		20CAA7DD21F34D1300605154 /* LaunchScreen.storyboard */ = {isa = PBXFileReference; fileEncoding = 4; lastKnownFileType = file.storyboard; path = LaunchScreen.storyboard; sourceTree = "<group>"; };
		20CAA7DE21F34D1300605154 /* Assets.xcassets */ = {isa = PBXFileReference; lastKnownFileType = folder.assetcatalog; path = Assets.xcassets; sourceTree = "<group>"; };
		20CAA7DF21F34D1300605154 /* iOSGame.plist */ = {isa = PBXFileReference; fileEncoding = 4; lastKnownFileType = text.plist.xml; path = iOSGame.plist; sourceTree = "<group>"; };
		20CAA7E021F34D1300605154 /* Application.swift */ = {isa = PBXFileReference; fileEncoding = 4; lastKnownFileType = sourcecode.swift; path = Application.swift; sourceTree = "<group>"; };
		20CAA7E721F34D1B00605154 /* View.swift */ = {isa = PBXFileReference; fileEncoding = 4; lastKnownFileType = sourcecode.swift; path = View.swift; sourceTree = "<group>"; };
		20CAA7E821F34D1B00605154 /* UInt32.swift */ = {isa = PBXFileReference; fileEncoding = 4; lastKnownFileType = sourcecode.swift; path = UInt32.swift; sourceTree = "<group>"; };
		20CAA7E921F34D1B00605154 /* Mac.storyboard */ = {isa = PBXFileReference; fileEncoding = 4; lastKnownFileType = file.storyboard; path = Mac.storyboard; sourceTree = "<group>"; };
		20CAA7EA21F34D1B00605154 /* Assets.xcassets */ = {isa = PBXFileReference; lastKnownFileType = folder.assetcatalog; path = Assets.xcassets; sourceTree = "<group>"; };
		20CAA7EC21F34D1B00605154 /* Application.swift */ = {isa = PBXFileReference; fileEncoding = 4; lastKnownFileType = sourcecode.swift; path = Application.swift; sourceTree = "<group>"; };
		20CAA7EE21F34D1B00605154 /* MacGame.entitlements */ = {isa = PBXFileReference; fileEncoding = 4; lastKnownFileType = text.plist.entitlements; path = MacGame.entitlements; sourceTree = "<group>"; };
		20CAA7EF21F34D1B00605154 /* MacOS.plist */ = {isa = PBXFileReference; fileEncoding = 4; lastKnownFileType = text.plist.xml; path = MacOS.plist; sourceTree = "<group>"; };
		20CAA7F121F34D1B00605154 /* SceneView.swift */ = {isa = PBXFileReference; fileEncoding = 4; lastKnownFileType = sourcecode.swift; path = SceneView.swift; sourceTree = "<group>"; };
		20CAA7FE21F34D5500605154 /* Tests.plist */ = {isa = PBXFileReference; fileEncoding = 4; lastKnownFileType = text.plist.xml; path = Tests.plist; sourceTree = "<group>"; };
		20CAA7FF21F34D5500605154 /* Tests.swift */ = {isa = PBXFileReference; fileEncoding = 4; lastKnownFileType = sourcecode.swift; path = Tests.swift; sourceTree = "<group>"; };
		20CAA80321F34D6000605154 /* Twinky.swift */ = {isa = PBXFileReference; fileEncoding = 4; lastKnownFileType = sourcecode.swift; path = Twinky.swift; sourceTree = "<group>"; };
		20CAA80521F34D6000605154 /* Tests.xctest */ = {isa = PBXFileReference; explicitFileType = wrapper.cfbundle; includeInIndex = 0; path = Tests.xctest; sourceTree = BUILT_PRODUCTS_DIR; };
		20CAA80721F34F3100605154 /* libiOS.a */ = {isa = PBXFileReference; explicitFileType = archive.ar; includeInIndex = 0; path = libiOS.a; sourceTree = BUILT_PRODUCTS_DIR; };
		20CAA80A21F34FB000605154 /* MacGame.app */ = {isa = PBXFileReference; explicitFileType = wrapper.application; includeInIndex = 0; path = MacGame.app; sourceTree = BUILT_PRODUCTS_DIR; };
		20CAA80B21F34FCE00605154 /* iOSGame.app */ = {isa = PBXFileReference; explicitFileType = wrapper.application; includeInIndex = 0; path = iOSGame.app; sourceTree = BUILT_PRODUCTS_DIR; };
		20E7F9E321F35027004765BD /* libMac.a */ = {isa = PBXFileReference; explicitFileType = archive.ar; includeInIndex = 0; path = libMac.a; sourceTree = BUILT_PRODUCTS_DIR; };
/* End PBXFileReference section */

/* Begin PBXFrameworksBuildPhase section */
		20165D2E21EDCB60004B09D6 /* Frameworks */ = {
			isa = PBXFrameworksBuildPhase;
			buildActionMask = 2147483647;
			files = (
			);
			runOnlyForDeploymentPostprocessing = 0;
		};
		20165D3D21EDCC73004B09D6 /* Frameworks */ = {
			isa = PBXFrameworksBuildPhase;
			buildActionMask = 2147483647;
			files = (
			);
			runOnlyForDeploymentPostprocessing = 0;
		};
		20165D4821EDCC8A004B09D6 /* Frameworks */ = {
			isa = PBXFrameworksBuildPhase;
			buildActionMask = 2147483647;
			files = (
				20E7F9E521F35046004765BD /* libMac.a in Frameworks */,
			);
			runOnlyForDeploymentPostprocessing = 0;
		};
		20165D5721EDCD5F004B09D6 /* Frameworks */ = {
			isa = PBXFrameworksBuildPhase;
			buildActionMask = 2147483647;
			files = (
				20E7F9E421F35038004765BD /* libMac.a in Frameworks */,
			);
			runOnlyForDeploymentPostprocessing = 0;
		};
		20CAA7C321F34C7400605154 /* Frameworks */ = {
			isa = PBXFrameworksBuildPhase;
			buildActionMask = 2147483647;
			files = (
				20CAA80921F34F4800605154 /* libiOS.a in Frameworks */,
			);
			runOnlyForDeploymentPostprocessing = 0;
		};
/* End PBXFrameworksBuildPhase section */

/* Begin PBXGroup section */
		20165D2721EDCB60004B09D6 = {
			isa = PBXGroup;
			children = (
				20CAA80221F34D6000605154 /* Twinky */,
				20CAA7FD21F34D5500605154 /* Tests */,
				20CAA7E521F34D1B00605154 /* MacGame */,
				20CAA7DC21F34D1300605154 /* iOSGame */,
				20CAA7D821F34D0700605154 /* Shared */,
				20CAA80821F34F4800605154 /* Frameworks */,
				20CAA7C021F34BDC00605154 /* Design */,
				20CAA80721F34F3100605154 /* libiOS.a */,
				20E7F9E321F35027004765BD /* libMac.a */,
				20CAA80521F34D6000605154 /* Tests.xctest */,
				20CAA80A21F34FB000605154 /* MacGame.app */,
				20CAA80B21F34FCE00605154 /* iOSGame.app */,
				20CAA7C121F34BE500605154 /* .gitignore */,
			);
			sourceTree = "<group>";
		};
		20CAA7D821F34D0700605154 /* Shared */ = {
			isa = PBXGroup;
			children = (
				20CAA7D921F34D0700605154 /* Sprites.xcassets */,
			);
			path = Shared;
			sourceTree = "<group>";
		};
		20CAA7DC21F34D1300605154 /* iOSGame */ = {
			isa = PBXGroup;
			children = (
				20CAA7E021F34D1300605154 /* Application.swift */,
				20CAA7DD21F34D1300605154 /* LaunchScreen.storyboard */,
				20CAA7DF21F34D1300605154 /* iOSGame.plist */,
				20CAA7DE21F34D1300605154 /* Assets.xcassets */,
			);
			path = iOSGame;
			sourceTree = "<group>";
		};
		20CAA7E521F34D1B00605154 /* MacGame */ = {
			isa = PBXGroup;
			children = (
				20CAA7E721F34D1B00605154 /* View.swift */,
				20CAA7E821F34D1B00605154 /* UInt32.swift */,
				20CAA7EC21F34D1B00605154 /* Application.swift */,
				20CAA7F121F34D1B00605154 /* SceneView.swift */,
				20CAA7E921F34D1B00605154 /* Mac.storyboard */,
				20CAA7EE21F34D1B00605154 /* MacGame.entitlements */,
				20CAA7EF21F34D1B00605154 /* MacOS.plist */,
				20CAA7EA21F34D1B00605154 /* Assets.xcassets */,
			);
			path = MacGame;
			sourceTree = "<group>";
		};
		20CAA7FD21F34D5500605154 /* Tests */ = {
			isa = PBXGroup;
			children = (
				20CAA7FF21F34D5500605154 /* Tests.swift */,
				20CAA7FE21F34D5500605154 /* Tests.plist */,
			);
			path = Tests;
			sourceTree = "<group>";
		};
		20CAA80221F34D6000605154 /* Twinky */ = {
			isa = PBXGroup;
			children = (
				20CAA80321F34D6000605154 /* Twinky.swift */,
			);
			path = Twinky;
			sourceTree = "<group>";
		};
		20CAA80821F34F4800605154 /* Frameworks */ = {
			isa = PBXGroup;
			children = (
			);
			name = Frameworks;
			sourceTree = "<group>";
		};
/* End PBXGroup section */

/* Begin PBXHeadersBuildPhase section */
		20165D2C21EDCB60004B09D6 /* Headers */ = {
			isa = PBXHeadersBuildPhase;
			buildActionMask = 2147483647;
			files = (
			);
			runOnlyForDeploymentPostprocessing = 0;
		};
/* End PBXHeadersBuildPhase section */

/* Begin PBXNativeTarget section */
		20165D2F21EDCB60004B09D6 /* Mac */ = {
			isa = PBXNativeTarget;
			buildConfigurationList = 20165D3921EDCB61004B09D6 /* Build configuration list for PBXNativeTarget "Mac" */;
			buildPhases = (
				20165D2C21EDCB60004B09D6 /* Headers */,
				20165D2D21EDCB60004B09D6 /* Sources */,
				20165D2E21EDCB60004B09D6 /* Frameworks */,
			);
			buildRules = (
			);
			dependencies = (
			);
			name = Mac;
			productName = Mac;
			productReference = 20E7F9E321F35027004765BD /* libMac.a */;
			productType = "com.apple.product-type.library.static";
		};
		20165D3F21EDCC73004B09D6 /* iOS */ = {
			isa = PBXNativeTarget;
			buildConfigurationList = 20165D4421EDCC73004B09D6 /* Build configuration list for PBXNativeTarget "iOS" */;
			buildPhases = (
				20165D3C21EDCC73004B09D6 /* Sources */,
				20165D3D21EDCC73004B09D6 /* Frameworks */,
				20165D3E21EDCC73004B09D6 /* CopyFiles */,
			);
			buildRules = (
			);
			dependencies = (
			);
			name = iOS;
			productName = iOS;
			productReference = 20CAA80721F34F3100605154 /* libiOS.a */;
			productType = "com.apple.product-type.library.static";
		};
		20165D4A21EDCC8A004B09D6 /* Tests */ = {
			isa = PBXNativeTarget;
			buildConfigurationList = 20165D5321EDCC8A004B09D6 /* Build configuration list for PBXNativeTarget "Tests" */;
			buildPhases = (
				20165D4721EDCC8A004B09D6 /* Sources */,
				20165D4821EDCC8A004B09D6 /* Frameworks */,
				20165D4921EDCC8A004B09D6 /* Resources */,
			);
			buildRules = (
			);
			dependencies = (
				20165D5221EDCC8A004B09D6 /* PBXTargetDependency */,
			);
			name = Tests;
			productName = Tests;
			productReference = 20CAA80521F34D6000605154 /* Tests.xctest */;
			productType = "com.apple.product-type.bundle.unit-test";
		};
		20165D5921EDCD5F004B09D6 /* MacGame */ = {
			isa = PBXNativeTarget;
			buildConfigurationList = 20165D6D21EDCD60004B09D6 /* Build configuration list for PBXNativeTarget "MacGame" */;
			buildPhases = (
				20165D5621EDCD5F004B09D6 /* Sources */,
				20165D5721EDCD5F004B09D6 /* Frameworks */,
				20165D5821EDCD5F004B09D6 /* Resources */,
			);
			buildRules = (
			);
			dependencies = (
				20E7F9E721F35059004765BD /* PBXTargetDependency */,
			);
			name = MacGame;
			productName = MacGame;
			productReference = 20CAA80A21F34FB000605154 /* MacGame.app */;
			productType = "com.apple.product-type.application";
		};
		20CAA7C521F34C7400605154 /* iOSGame */ = {
			isa = PBXNativeTarget;
			buildConfigurationList = 20CAA7D521F34C7500605154 /* Build configuration list for PBXNativeTarget "iOSGame" */;
			buildPhases = (
				20CAA7C221F34C7400605154 /* Sources */,
				20CAA7C321F34C7400605154 /* Frameworks */,
				20CAA7C421F34C7400605154 /* Resources */,
			);
			buildRules = (
			);
			dependencies = (
				20E7F9E921F35060004765BD /* PBXTargetDependency */,
			);
			name = iOSGame;
			productName = iOSGame;
			productReference = 20CAA80B21F34FCE00605154 /* iOSGame.app */;
			productType = "com.apple.product-type.application";
		};
/* End PBXNativeTarget section */

/* Begin PBXProject section */
		20165D2821EDCB60004B09D6 /* Project object */ = {
			isa = PBXProject;
			attributes = {
				LastSwiftUpdateCheck = 1010;
				LastUpgradeCheck = 1010;
				ORGANIZATIONNAME = Iturbide;
				TargetAttributes = {
					20165D2F21EDCB60004B09D6 = {
						CreatedOnToolsVersion = 10.1;
					};
					20165D3F21EDCC73004B09D6 = {
						CreatedOnToolsVersion = 10.1;
					};
					20165D4A21EDCC8A004B09D6 = {
						CreatedOnToolsVersion = 10.1;
					};
					20165D5921EDCD5F004B09D6 = {
						CreatedOnToolsVersion = 10.1;
					};
					20CAA7C521F34C7400605154 = {
						CreatedOnToolsVersion = 10.1;
					};
				};
			};
			buildConfigurationList = 20165D2B21EDCB60004B09D6 /* Build configuration list for PBXProject "Twinky" */;
			compatibilityVersion = "Xcode 9.3";
			developmentRegion = en;
			hasScannedForEncodings = 0;
			knownRegions = (
				en,
			);
			mainGroup = 20165D2721EDCB60004B09D6;
			productRefGroup = 20165D2721EDCB60004B09D6;
			projectDirPath = "";
			projectRoot = "";
			targets = (
				20165D2F21EDCB60004B09D6 /* Mac */,
				20165D3F21EDCC73004B09D6 /* iOS */,
				20165D4A21EDCC8A004B09D6 /* Tests */,
				20165D5921EDCD5F004B09D6 /* MacGame */,
				20CAA7C521F34C7400605154 /* iOSGame */,
			);
		};
/* End PBXProject section */

/* Begin PBXResourcesBuildPhase section */
		20165D4921EDCC8A004B09D6 /* Resources */ = {
			isa = PBXResourcesBuildPhase;
			buildActionMask = 2147483647;
			files = (
			);
			runOnlyForDeploymentPostprocessing = 0;
		};
		20165D5821EDCD5F004B09D6 /* Resources */ = {
			isa = PBXResourcesBuildPhase;
			buildActionMask = 2147483647;
			files = (
				20CAA7F521F34D1B00605154 /* Mac.storyboard in Resources */,
				20CAA7F621F34D1B00605154 /* Assets.xcassets in Resources */,
				20CAA7DA21F34D0700605154 /* Sprites.xcassets in Resources */,
			);
			runOnlyForDeploymentPostprocessing = 0;
		};
		20CAA7C421F34C7400605154 /* Resources */ = {
			isa = PBXResourcesBuildPhase;
			buildActionMask = 2147483647;
			files = (
				20CAA7DB21F34D0700605154 /* Sprites.xcassets in Resources */,
				20CAA7E221F34D1300605154 /* Assets.xcassets in Resources */,
				20CAA7E121F34D1300605154 /* LaunchScreen.storyboard in Resources */,
			);
			runOnlyForDeploymentPostprocessing = 0;
		};
/* End PBXResourcesBuildPhase section */

/* Begin PBXSourcesBuildPhase section */
		20165D2D21EDCB60004B09D6 /* Sources */ = {
			isa = PBXSourcesBuildPhase;
			buildActionMask = 2147483647;
			files = (
				20CAA80421F34D6000605154 /* Twinky.swift in Sources */,
			);
			runOnlyForDeploymentPostprocessing = 0;
		};
		20165D3C21EDCC73004B09D6 /* Sources */ = {
			isa = PBXSourcesBuildPhase;
			buildActionMask = 2147483647;
			files = (
				20CAA80621F34D6000605154 /* Twinky.swift in Sources */,
			);
			runOnlyForDeploymentPostprocessing = 0;
		};
		20165D4721EDCC8A004B09D6 /* Sources */ = {
			isa = PBXSourcesBuildPhase;
			buildActionMask = 2147483647;
			files = (
				20CAA80121F34D5500605154 /* Tests.swift in Sources */,
			);
			runOnlyForDeploymentPostprocessing = 0;
		};
		20165D5621EDCD5F004B09D6 /* Sources */ = {
			isa = PBXSourcesBuildPhase;
			buildActionMask = 2147483647;
			files = (
				20CAA7F821F34D1B00605154 /* Application.swift in Sources */,
				20CAA7F421F34D1B00605154 /* UInt32.swift in Sources */,
				20CAA7F321F34D1B00605154 /* View.swift in Sources */,
				20CAA7FC21F34D1B00605154 /* SceneView.swift in Sources */,
			);
			runOnlyForDeploymentPostprocessing = 0;
		};
		20CAA7C221F34C7400605154 /* Sources */ = {
			isa = PBXSourcesBuildPhase;
			buildActionMask = 2147483647;
			files = (
				20CAA7E421F34D1300605154 /* Application.swift in Sources */,
			);
			runOnlyForDeploymentPostprocessing = 0;
		};
/* End PBXSourcesBuildPhase section */

/* Begin PBXTargetDependency section */
		20165D5221EDCC8A004B09D6 /* PBXTargetDependency */ = {
			isa = PBXTargetDependency;
			target = 20165D2F21EDCB60004B09D6 /* Mac */;
			targetProxy = 20165D5121EDCC8A004B09D6 /* PBXContainerItemProxy */;
		};
		20E7F9E721F35059004765BD /* PBXTargetDependency */ = {
			isa = PBXTargetDependency;
			target = 20165D2F21EDCB60004B09D6 /* Mac */;
			targetProxy = 20E7F9E621F35059004765BD /* PBXContainerItemProxy */;
		};
		20E7F9E921F35060004765BD /* PBXTargetDependency */ = {
			isa = PBXTargetDependency;
			target = 20165D3F21EDCC73004B09D6 /* iOS */;
			targetProxy = 20E7F9E821F35060004765BD /* PBXContainerItemProxy */;
		};
/* End PBXTargetDependency section */

/* Begin XCBuildConfiguration section */
		20165D3721EDCB61004B09D6 /* Debug */ = {
			isa = XCBuildConfiguration;
			buildSettings = {
				ALWAYS_SEARCH_USER_PATHS = NO;
				CLANG_ANALYZER_NONNULL = YES;
				CLANG_ANALYZER_NUMBER_OBJECT_CONVERSION = YES_AGGRESSIVE;
				CLANG_CXX_LANGUAGE_STANDARD = "gnu++14";
				CLANG_CXX_LIBRARY = "libc++";
				CLANG_ENABLE_OBJC_ARC = YES;
				CLANG_ENABLE_OBJC_WEAK = YES;
				CLANG_WARN_BLOCK_CAPTURE_AUTORELEASING = YES;
				CLANG_WARN_BOOL_CONVERSION = YES;
				CLANG_WARN_COMMA = YES;
				CLANG_WARN_CONSTANT_CONVERSION = YES;
				CLANG_WARN_DEPRECATED_OBJC_IMPLEMENTATIONS = YES;
				CLANG_WARN_DIRECT_OBJC_ISA_USAGE = YES_ERROR;
				CLANG_WARN_DOCUMENTATION_COMMENTS = YES;
				CLANG_WARN_EMPTY_BODY = YES;
				CLANG_WARN_ENUM_CONVERSION = YES;
				CLANG_WARN_INFINITE_RECURSION = YES;
				CLANG_WARN_INT_CONVERSION = YES;
				CLANG_WARN_NON_LITERAL_NULL_CONVERSION = YES;
				CLANG_WARN_OBJC_IMPLICIT_RETAIN_SELF = YES;
				CLANG_WARN_OBJC_LITERAL_CONVERSION = YES;
				CLANG_WARN_OBJC_ROOT_CLASS = YES_ERROR;
				CLANG_WARN_RANGE_LOOP_ANALYSIS = YES;
				CLANG_WARN_STRICT_PROTOTYPES = YES;
				CLANG_WARN_SUSPICIOUS_MOVE = YES;
				CLANG_WARN_UNGUARDED_AVAILABILITY = YES_AGGRESSIVE;
				CLANG_WARN_UNREACHABLE_CODE = YES;
				CLANG_WARN__DUPLICATE_METHOD_MATCH = YES;
				CODE_SIGN_IDENTITY = "Mac Developer";
				COPY_PHASE_STRIP = NO;
				DEBUG_INFORMATION_FORMAT = dwarf;
				ENABLE_BITCODE = YES;
				ENABLE_STRICT_OBJC_MSGSEND = YES;
				ENABLE_TESTABILITY = YES;
				GCC_C_LANGUAGE_STANDARD = gnu11;
				GCC_DYNAMIC_NO_PIC = NO;
				GCC_NO_COMMON_BLOCKS = YES;
				GCC_OPTIMIZATION_LEVEL = 0;
				GCC_PREPROCESSOR_DEFINITIONS = (
					"DEBUG=1",
					"$(inherited)",
				);
				GCC_WARN_64_TO_32_BIT_CONVERSION = YES;
				GCC_WARN_ABOUT_RETURN_TYPE = YES_ERROR;
				GCC_WARN_UNDECLARED_SELECTOR = YES;
				GCC_WARN_UNINITIALIZED_AUTOS = YES_AGGRESSIVE;
				GCC_WARN_UNUSED_FUNCTION = YES;
				GCC_WARN_UNUSED_VARIABLE = YES;
				IPHONEOS_DEPLOYMENT_TARGET = 10.0;
				MACOSX_DEPLOYMENT_TARGET = 10.12;
				MTL_ENABLE_DEBUG_INFO = INCLUDE_SOURCE;
				MTL_FAST_MATH = YES;
				ONLY_ACTIVE_ARCH = YES;
				SDKROOT = macosx;
				SWIFT_INSTALL_OBJC_HEADER = NO;
				SWIFT_VERSION = 4.2;
			};
			name = Debug;
		};
		20165D3821EDCB61004B09D6 /* Release */ = {
			isa = XCBuildConfiguration;
			buildSettings = {
				ALWAYS_SEARCH_USER_PATHS = NO;
				CLANG_ANALYZER_NONNULL = YES;
				CLANG_ANALYZER_NUMBER_OBJECT_CONVERSION = YES_AGGRESSIVE;
				CLANG_CXX_LANGUAGE_STANDARD = "gnu++14";
				CLANG_CXX_LIBRARY = "libc++";
				CLANG_ENABLE_OBJC_ARC = YES;
				CLANG_ENABLE_OBJC_WEAK = YES;
				CLANG_WARN_BLOCK_CAPTURE_AUTORELEASING = YES;
				CLANG_WARN_BOOL_CONVERSION = YES;
				CLANG_WARN_COMMA = YES;
				CLANG_WARN_CONSTANT_CONVERSION = YES;
				CLANG_WARN_DEPRECATED_OBJC_IMPLEMENTATIONS = YES;
				CLANG_WARN_DIRECT_OBJC_ISA_USAGE = YES_ERROR;
				CLANG_WARN_DOCUMENTATION_COMMENTS = YES;
				CLANG_WARN_EMPTY_BODY = YES;
				CLANG_WARN_ENUM_CONVERSION = YES;
				CLANG_WARN_INFINITE_RECURSION = YES;
				CLANG_WARN_INT_CONVERSION = YES;
				CLANG_WARN_NON_LITERAL_NULL_CONVERSION = YES;
				CLANG_WARN_OBJC_IMPLICIT_RETAIN_SELF = YES;
				CLANG_WARN_OBJC_LITERAL_CONVERSION = YES;
				CLANG_WARN_OBJC_ROOT_CLASS = YES_ERROR;
				CLANG_WARN_RANGE_LOOP_ANALYSIS = YES;
				CLANG_WARN_STRICT_PROTOTYPES = YES;
				CLANG_WARN_SUSPICIOUS_MOVE = YES;
				CLANG_WARN_UNGUARDED_AVAILABILITY = YES_AGGRESSIVE;
				CLANG_WARN_UNREACHABLE_CODE = YES;
				CLANG_WARN__DUPLICATE_METHOD_MATCH = YES;
				CODE_SIGN_IDENTITY = "Mac Developer";
				COPY_PHASE_STRIP = NO;
				DEBUG_INFORMATION_FORMAT = dwarf;
				ENABLE_BITCODE = YES;
				ENABLE_NS_ASSERTIONS = NO;
				ENABLE_STRICT_OBJC_MSGSEND = YES;
				GCC_C_LANGUAGE_STANDARD = gnu11;
				GCC_NO_COMMON_BLOCKS = YES;
				GCC_WARN_64_TO_32_BIT_CONVERSION = YES;
				GCC_WARN_ABOUT_RETURN_TYPE = YES_ERROR;
				GCC_WARN_UNDECLARED_SELECTOR = YES;
				GCC_WARN_UNINITIALIZED_AUTOS = YES_AGGRESSIVE;
				GCC_WARN_UNUSED_FUNCTION = YES;
				GCC_WARN_UNUSED_VARIABLE = YES;
				IPHONEOS_DEPLOYMENT_TARGET = 10.0;
				MACOSX_DEPLOYMENT_TARGET = 10.12;
				MTL_ENABLE_DEBUG_INFO = NO;
				MTL_FAST_MATH = YES;
				SDKROOT = macosx;
				SWIFT_INSTALL_OBJC_HEADER = NO;
				SWIFT_VERSION = 4.2;
			};
			name = Release;
		};
		20165D3A21EDCB61004B09D6 /* Debug */ = {
			isa = XCBuildConfiguration;
			buildSettings = {
				CODE_SIGN_STYLE = Automatic;
				DEVELOPMENT_TEAM = 7AMWG3RLHN;
				EXECUTABLE_PREFIX = lib;
				PRODUCT_NAME = "$(TARGET_NAME)";
				SKIP_INSTALL = YES;
			};
			name = Debug;
		};
		20165D3B21EDCB61004B09D6 /* Release */ = {
			isa = XCBuildConfiguration;
			buildSettings = {
				CODE_SIGN_STYLE = Automatic;
				DEVELOPMENT_TEAM = 7AMWG3RLHN;
				EXECUTABLE_PREFIX = lib;
				PRODUCT_NAME = "$(TARGET_NAME)";
				SKIP_INSTALL = YES;
			};
			name = Release;
		};
		20165D4521EDCC73004B09D6 /* Debug */ = {
			isa = XCBuildConfiguration;
			buildSettings = {
				CODE_SIGN_IDENTITY = "iPhone Developer";
				CODE_SIGN_STYLE = Automatic;
				DEVELOPMENT_TEAM = 7AMWG3RLHN;
				IPHONEOS_DEPLOYMENT_TARGET = 12.1;
				OTHER_LDFLAGS = "-ObjC";
				PRODUCT_NAME = "$(TARGET_NAME)";
				SDKROOT = iphoneos;
				SKIP_INSTALL = YES;
				SWIFT_ACTIVE_COMPILATION_CONDITIONS = DEBUG;
				SWIFT_OPTIMIZATION_LEVEL = "-Onone";
				TARGETED_DEVICE_FAMILY = "1,2";
			};
			name = Debug;
		};
		20165D4621EDCC73004B09D6 /* Release */ = {
			isa = XCBuildConfiguration;
			buildSettings = {
				CODE_SIGN_IDENTITY = "iPhone Developer";
				CODE_SIGN_STYLE = Automatic;
				DEVELOPMENT_TEAM = 7AMWG3RLHN;
				IPHONEOS_DEPLOYMENT_TARGET = 12.1;
				OTHER_LDFLAGS = "-ObjC";
				PRODUCT_NAME = "$(TARGET_NAME)";
				SDKROOT = iphoneos;
				SKIP_INSTALL = YES;
				SWIFT_COMPILATION_MODE = wholemodule;
				SWIFT_OPTIMIZATION_LEVEL = "-O";
				TARGETED_DEVICE_FAMILY = "1,2";
				VALIDATE_PRODUCT = YES;
			};
			name = Release;
		};
		20165D5421EDCC8A004B09D6 /* Debug */ = {
			isa = XCBuildConfiguration;
			buildSettings = {
				ALWAYS_EMBED_SWIFT_STANDARD_LIBRARIES = YES;
				CODE_SIGN_STYLE = Automatic;
				COMBINE_HIDPI_IMAGES = YES;
				DEVELOPMENT_TEAM = 7AMWG3RLHN;
				INFOPLIST_FILE = Tests/Tests.plist;
				LD_RUNPATH_SEARCH_PATHS = (
					"$(inherited)",
					"@executable_path/../Frameworks",
					"@loader_path/../Frameworks",
				);
				PRODUCT_BUNDLE_IDENTIFIER = Twinky.Tests;
				PRODUCT_NAME = "$(TARGET_NAME)";
				SWIFT_ACTIVE_COMPILATION_CONDITIONS = DEBUG;
				SWIFT_OPTIMIZATION_LEVEL = "-Onone";
			};
			name = Debug;
		};
		20165D5521EDCC8A004B09D6 /* Release */ = {
			isa = XCBuildConfiguration;
			buildSettings = {
				ALWAYS_EMBED_SWIFT_STANDARD_LIBRARIES = YES;
				CODE_SIGN_STYLE = Automatic;
				COMBINE_HIDPI_IMAGES = YES;
				DEVELOPMENT_TEAM = 7AMWG3RLHN;
				INFOPLIST_FILE = Tests/Tests.plist;
				LD_RUNPATH_SEARCH_PATHS = (
					"$(inherited)",
					"@executable_path/../Frameworks",
					"@loader_path/../Frameworks",
				);
				PRODUCT_BUNDLE_IDENTIFIER = Twinky.Tests;
				PRODUCT_NAME = "$(TARGET_NAME)";
				SWIFT_COMPILATION_MODE = wholemodule;
				SWIFT_OPTIMIZATION_LEVEL = "-O";
			};
			name = Release;
		};
		20165D6E21EDCD60004B09D6 /* Debug */ = {
			isa = XCBuildConfiguration;
			buildSettings = {
				ASSETCATALOG_COMPILER_APPICON_NAME = AppIcon;
				CODE_SIGN_ENTITLEMENTS = MacGame/MacGame.entitlements;
				CODE_SIGN_STYLE = Automatic;
				COMBINE_HIDPI_IMAGES = YES;
				DEVELOPMENT_TEAM = 7AMWG3RLHN;
				INFOPLIST_FILE = MacGame/MacOS.plist;
				LD_RUNPATH_SEARCH_PATHS = (
					"$(inherited)",
					"@executable_path/../Frameworks",
				);
				PRODUCT_BUNDLE_IDENTIFIER = Twinky.Mac;
				PRODUCT_NAME = "$(TARGET_NAME)";
				SWIFT_ACTIVE_COMPILATION_CONDITIONS = DEBUG;
				SWIFT_OPTIMIZATION_LEVEL = "-Onone";
			};
			name = Debug;
		};
		20165D6F21EDCD60004B09D6 /* Release */ = {
			isa = XCBuildConfiguration;
			buildSettings = {
				ASSETCATALOG_COMPILER_APPICON_NAME = AppIcon;
				CODE_SIGN_ENTITLEMENTS = MacGame/MacGame.entitlements;
				CODE_SIGN_STYLE = Automatic;
				COMBINE_HIDPI_IMAGES = YES;
				DEVELOPMENT_TEAM = 7AMWG3RLHN;
				INFOPLIST_FILE = MacGame/MacOS.plist;
				LD_RUNPATH_SEARCH_PATHS = (
					"$(inherited)",
					"@executable_path/../Frameworks",
				);
				PRODUCT_BUNDLE_IDENTIFIER = Twinky.Mac;
				PRODUCT_NAME = "$(TARGET_NAME)";
				SWIFT_COMPILATION_MODE = wholemodule;
				SWIFT_OPTIMIZATION_LEVEL = "-O";
			};
			name = Release;
		};
		20CAA7D621F34C7500605154 /* Debug */ = {
			isa = XCBuildConfiguration;
			buildSettings = {
				ASSETCATALOG_COMPILER_APPICON_NAME = AppIcon;
				CODE_SIGN_IDENTITY = "iPhone Developer";
				CODE_SIGN_STYLE = Automatic;
				DEVELOPMENT_TEAM = 7AMWG3RLHN;
				INFOPLIST_FILE = iOSGame/iOSGame.plist;
				LD_RUNPATH_SEARCH_PATHS = (
					"$(inherited)",
					"@executable_path/Frameworks",
				);
				PRODUCT_BUNDLE_IDENTIFIER = Twinky.iOS;
				PRODUCT_NAME = "$(TARGET_NAME)";
				SDKROOT = iphoneos;
				SWIFT_ACTIVE_COMPILATION_CONDITIONS = DEBUG;
				SWIFT_OPTIMIZATION_LEVEL = "-Onone";
				TARGETED_DEVICE_FAMILY = "1,2";
			};
			name = Debug;
		};
		20CAA7D721F34C7500605154 /* Release */ = {
			isa = XCBuildConfiguration;
			buildSettings = {
				ASSETCATALOG_COMPILER_APPICON_NAME = AppIcon;
				CODE_SIGN_IDENTITY = "iPhone Developer";
				CODE_SIGN_STYLE = Automatic;
				DEVELOPMENT_TEAM = 7AMWG3RLHN;
				INFOPLIST_FILE = iOSGame/iOSGame.plist;
				LD_RUNPATH_SEARCH_PATHS = (
					"$(inherited)",
					"@executable_path/Frameworks",
				);
				PRODUCT_BUNDLE_IDENTIFIER = Twinky.iOS;
				PRODUCT_NAME = "$(TARGET_NAME)";
				SDKROOT = iphoneos;
				SWIFT_COMPILATION_MODE = wholemodule;
				SWIFT_OPTIMIZATION_LEVEL = "-O";
				TARGETED_DEVICE_FAMILY = "1,2";
				VALIDATE_PRODUCT = YES;
			};
			name = Release;
		};
/* End XCBuildConfiguration section */

/* Begin XCConfigurationList section */
		20165D2B21EDCB60004B09D6 /* Build configuration list for PBXProject "Twinky" */ = {
			isa = XCConfigurationList;
			buildConfigurations = (
				20165D3721EDCB61004B09D6 /* Debug */,
				20165D3821EDCB61004B09D6 /* Release */,
			);
			defaultConfigurationIsVisible = 0;
			defaultConfigurationName = Release;
		};
		20165D3921EDCB61004B09D6 /* Build configuration list for PBXNativeTarget "Mac" */ = {
			isa = XCConfigurationList;
			buildConfigurations = (
				20165D3A21EDCB61004B09D6 /* Debug */,
				20165D3B21EDCB61004B09D6 /* Release */,
			);
			defaultConfigurationIsVisible = 0;
			defaultConfigurationName = Release;
		};
		20165D4421EDCC73004B09D6 /* Build configuration list for PBXNativeTarget "iOS" */ = {
			isa = XCConfigurationList;
			buildConfigurations = (
				20165D4521EDCC73004B09D6 /* Debug */,
				20165D4621EDCC73004B09D6 /* Release */,
			);
			defaultConfigurationIsVisible = 0;
			defaultConfigurationName = Release;
		};
		20165D5321EDCC8A004B09D6 /* Build configuration list for PBXNativeTarget "Tests" */ = {
			isa = XCConfigurationList;
			buildConfigurations = (
				20165D5421EDCC8A004B09D6 /* Debug */,
				20165D5521EDCC8A004B09D6 /* Release */,
			);
			defaultConfigurationIsVisible = 0;
			defaultConfigurationName = Release;
		};
		20165D6D21EDCD60004B09D6 /* Build configuration list for PBXNativeTarget "MacGame" */ = {
			isa = XCConfigurationList;
			buildConfigurations = (
				20165D6E21EDCD60004B09D6 /* Debug */,
				20165D6F21EDCD60004B09D6 /* Release */,
			);
			defaultConfigurationIsVisible = 0;
			defaultConfigurationName = Release;
		};
		20CAA7D521F34C7500605154 /* Build configuration list for PBXNativeTarget "iOSGame" */ = {
			isa = XCConfigurationList;
			buildConfigurations = (
				20CAA7D621F34C7500605154 /* Debug */,
				20CAA7D721F34C7500605154 /* Release */,
			);
			defaultConfigurationIsVisible = 0;
			defaultConfigurationName = Release;
		};
/* End XCConfigurationList section */
	};
	rootObject = 20165D2821EDCB60004B09D6 /* Project object */;
}
